
Microsoft Visual Studio Solution File, Format Version 12.00
# Visual Studio 14
VisualStudioVersion = 14.0.25420.1
MinimumVisualStudioVersion = 10.0.40219.1
Project("{FAE04EC0-301F-11D3-BF4B-00C04F79EFBC}") = "HierarchicalBitmapIndex", "HierarchicalBitmapIndex\HierarchicalBitmapIndex.csproj", "{0D4F5E49-DD8D-4FCC-92A4-27AD0C7E5B25}"
EndProject
Project("{FAE04EC0-301F-11D3-BF4B-00C04F79EFBC}") = "BPlusTree", "..\Cls.BPlusTree\btree\BPlusTree.csproj", "{7F89B911-3E50-4E1C-8AE5-F34C68C081AE}"
EndProject
Global
	GlobalSection(SolutionConfigurationPlatforms) = preSolution
		Debug|Any CPU = Debug|Any CPU
		Debug|x86 = Debug|x86
		Release|Any CPU = Release|Any CPU
		Release|x86 = Release|x86
	EndGlobalSection
	GlobalSection(ProjectConfigurationPlatforms) = postSolution
		{0D4F5E49-DD8D-4FCC-92A4-27AD0C7E5B25}.Debug|Any CPU.ActiveCfg = Debug|Any CPU
		{0D4F5E49-DD8D-4FCC-92A4-27AD0C7E5B25}.Debug|Any CPU.Build.0 = Debug|Any CPU
		{0D4F5E49-DD8D-4FCC-92A4-27AD0C7E5B25}.Debug|x86.ActiveCfg = Debug|Any CPU
		{0D4F5E49-DD8D-4FCC-92A4-27AD0C7E5B25}.Debug|x86.Build.0 = Debug|Any CPU
		{0D4F5E49-DD8D-4FCC-92A4-27AD0C7E5B25}.Release|Any CPU.ActiveCfg = Release|Any CPU
		{0D4F5E49-DD8D-4FCC-92A4-27AD0C7E5B25}.Release|Any CPU.Build.0 = Release|Any CPU
		{0D4F5E49-DD8D-4FCC-92A4-27AD0C7E5B25}.Release|x86.ActiveCfg = Release|Any CPU
		{0D4F5E49-DD8D-4FCC-92A4-27AD0C7E5B25}.Release|x86.Build.0 = Release|Any CPU
		{7F89B911-3E50-4E1C-8AE5-F34C68C081AE}.Debug|Any CPU.ActiveCfg = Debug|x86
		{7F89B911-3E50-4E1C-8AE5-F34C68C081AE}.Debug|x86.ActiveCfg = Debug|x86
		{7F89B911-3E50-4E1C-8AE5-F34C68C081AE}.Debug|x86.Build.0 = Debug|x86
		{7F89B911-3E50-4E1C-8AE5-F34C68C081AE}.Release|Any CPU.ActiveCfg = Release|x86
		{7F89B911-3E50-4E1C-8AE5-F34C68C081AE}.Release|x86.ActiveCfg = Release|x86
		{7F89B911-3E50-4E1C-8AE5-F34C68C081AE}.Release|x86.Build.0 = Release|x86
	EndGlobalSection
	GlobalSection(SolutionProperties) = preSolution
		HideSolutionNode = FALSE
	EndGlobalSection
EndGlobal
